
Microsoft Visual Studio Solution File, Format Version 12.00
# Visual Studio 14
VisualStudioVersion = 14.0.25420.1
MinimumVisualStudioVersion = 10.0.40219.1
Project("{FAE04EC0-301F-11D3-BF4B-00C04F79EFBC}") = "netRaven", "netRaven\netRaven.csproj", "{987DB73A-E387-4D58-92C0-E4212EBBDD2F}"
EndProject
Project("{FAE04EC0-301F-11D3-BF4B-00C04F79EFBC}") = "ravenDebug", "ravenDebug\ravenDebug.csproj", "{ADCA89F6-AA02-47B1-AAB1-C001EBE143E6}"
	ProjectSection(ProjectDependencies) = postProject
		{987DB73A-E387-4D58-92C0-E4212EBBDD2F} = {987DB73A-E387-4D58-92C0-E4212EBBDD2F}
	EndProjectSection
EndProject
Project("{8BC9CEB8-8B4A-11D0-8D11-00A0C91BC942}") = "Raven", "Raven\Raven.vcxproj", "{CD4CC899-F931-4A5D-8B43-099F647C6127}"
	ProjectSection(ProjectDependencies) = postProject
		{987DB73A-E387-4D58-92C0-E4212EBBDD2F} = {987DB73A-E387-4D58-92C0-E4212EBBDD2F}
	EndProjectSection
EndProject
Global
	GlobalSection(SolutionConfigurationPlatforms) = preSolution
		Debug|Any CPU = Debug|Any CPU
		Debug|x64 = Debug|x64
		Debug|x86 = Debug|x86
		Release|Any CPU = Release|Any CPU
		Release|x64 = Release|x64
		Release|x86 = Release|x86
	EndGlobalSection
	GlobalSection(ProjectConfigurationPlatforms) = postSolution
		{987DB73A-E387-4D58-92C0-E4212EBBDD2F}.Debug|Any CPU.ActiveCfg = Debug|Any CPU
		{987DB73A-E387-4D58-92C0-E4212EBBDD2F}.Debug|Any CPU.Build.0 = Debug|Any CPU
		{987DB73A-E387-4D58-92C0-E4212EBBDD2F}.Debug|x64.ActiveCfg = Debug|x64
		{987DB73A-E387-4D58-92C0-E4212EBBDD2F}.Debug|x64.Build.0 = Debug|x64
		{987DB73A-E387-4D58-92C0-E4212EBBDD2F}.Debug|x86.ActiveCfg = Debug|Any CPU
		{987DB73A-E387-4D58-92C0-E4212EBBDD2F}.Debug|x86.Build.0 = Debug|Any CPU
		{987DB73A-E387-4D58-92C0-E4212EBBDD2F}.Release|Any CPU.ActiveCfg = Release|Any CPU
		{987DB73A-E387-4D58-92C0-E4212EBBDD2F}.Release|Any CPU.Build.0 = Release|Any CPU
		{987DB73A-E387-4D58-92C0-E4212EBBDD2F}.Release|x64.ActiveCfg = Release|x64
		{987DB73A-E387-4D58-92C0-E4212EBBDD2F}.Release|x64.Build.0 = Release|x64
		{987DB73A-E387-4D58-92C0-E4212EBBDD2F}.Release|x86.ActiveCfg = Release|x86
		{987DB73A-E387-4D58-92C0-E4212EBBDD2F}.Release|x86.Build.0 = Release|x86
		{ADCA89F6-AA02-47B1-AAB1-C001EBE143E6}.Debug|Any CPU.ActiveCfg = Debug|Any CPU
		{ADCA89F6-AA02-47B1-AAB1-C001EBE143E6}.Debug|Any CPU.Build.0 = Debug|Any CPU
		{ADCA89F6-AA02-47B1-AAB1-C001EBE143E6}.Debug|x64.ActiveCfg = Debug|Any CPU
		{ADCA89F6-AA02-47B1-AAB1-C001EBE143E6}.Debug|x64.Build.0 = Debug|Any CPU
		{ADCA89F6-AA02-47B1-AAB1-C001EBE143E6}.Debug|x86.ActiveCfg = Debug|Any CPU
		{ADCA89F6-AA02-47B1-AAB1-C001EBE143E6}.Debug|x86.Build.0 = Debug|Any CPU
		{ADCA89F6-AA02-47B1-AAB1-C001EBE143E6}.Release|Any CPU.ActiveCfg = Release|Any CPU
		{ADCA89F6-AA02-47B1-AAB1-C001EBE143E6}.Release|Any CPU.Build.0 = Release|Any CPU
		{ADCA89F6-AA02-47B1-AAB1-C001EBE143E6}.Release|x64.ActiveCfg = Release|Any CPU
		{ADCA89F6-AA02-47B1-AAB1-C001EBE143E6}.Release|x64.Build.0 = Release|Any CPU
		{ADCA89F6-AA02-47B1-AAB1-C001EBE143E6}.Release|x86.ActiveCfg = Release|Any CPU
		{ADCA89F6-AA02-47B1-AAB1-C001EBE143E6}.Release|x86.Build.0 = Release|Any CPU
		{CD4CC899-F931-4A5D-8B43-099F647C6127}.Debug|Any CPU.ActiveCfg = Debug|Win32
		{CD4CC899-F931-4A5D-8B43-099F647C6127}.Debug|x64.ActiveCfg = Debug|x64
		{CD4CC899-F931-4A5D-8B43-099F647C6127}.Debug|x64.Build.0 = Debug|x64
		{CD4CC899-F931-4A5D-8B43-099F647C6127}.Debug|x86.ActiveCfg = Debug|Win32
		{CD4CC899-F931-4A5D-8B43-099F647C6127}.Debug|x86.Build.0 = Debug|Win32
		{CD4CC899-F931-4A5D-8B43-099F647C6127}.Release|Any CPU.ActiveCfg = Release|Win32
		{CD4CC899-F931-4A5D-8B43-099F647C6127}.Release|x64.ActiveCfg = Release|x64
		{CD4CC899-F931-4A5D-8B43-099F647C6127}.Release|x64.Build.0 = Release|x64
		{CD4CC899-F931-4A5D-8B43-099F647C6127}.Release|x86.ActiveCfg = Release|Win32
		{CD4CC899-F931-4A5D-8B43-099F647C6127}.Release|x86.Build.0 = Release|Win32
	EndGlobalSection
	GlobalSection(SolutionProperties) = preSolution
		HideSolutionNode = FALSE
	EndGlobalSection
EndGlobal
